// !$*UTF8*$!
{
	archiveVersion = 1;
	classes = {
	};
	objectVersion = 46;
	objects = {

/* Begin PBXBuildFile section */
		D11FE9231CD1F2BF00828FBD /* AppDelegate.swift in Sources */ = {isa = PBXBuildFile; fileRef = D11FE9221CD1F2BF00828FBD /* AppDelegate.swift */; };
		D11FE9281CD1F2BF00828FBD /* Main.storyboard in Resources */ = {isa = PBXBuildFile; fileRef = D11FE9261CD1F2BF00828FBD /* Main.storyboard */; };
		D11FE92A1CD1F2BF00828FBD /* Assets.xcassets in Resources */ = {isa = PBXBuildFile; fileRef = D11FE9291CD1F2BF00828FBD /* Assets.xcassets */; };
		D11FE92D1CD1F2BF00828FBD /* LaunchScreen.storyboard in Resources */ = {isa = PBXBuildFile; fileRef = D11FE92B1CD1F2BF00828FBD /* LaunchScreen.storyboard */; };
		D11FE9351CD1F3A700828FBD /* RestaurantTableViewController.swift in Sources */ = {isa = PBXBuildFile; fileRef = D11FE9341CD1F3A700828FBD /* RestaurantTableViewController.swift */; };
		D11FE9371CD2020600828FBD /* RestaurantTableViewCell.swift in Sources */ = {isa = PBXBuildFile; fileRef = D11FE9361CD2020600828FBD /* RestaurantTableViewCell.swift */; };
		D1BDA9F51CEEDFB200585530 /* MapKit.framework in Frameworks */ = {isa = PBXBuildFile; fileRef = D1BDA9F41CEEDFB200585530 /* MapKit.framework */; };
		D1BDA9F71CEEF25100585530 /* ReviewViewController.swift in Sources */ = {isa = PBXBuildFile; fileRef = D1BDA9F61CEEF25100585530 /* ReviewViewController.swift */; };
		D1DC07AC1CD32C7100E2A2A6 /* PersonalCell.swift in Sources */ = {isa = PBXBuildFile; fileRef = D1DC07AB1CD32C7100E2A2A6 /* PersonalCell.swift */; };
		D1E7C3AF1CDF1D0600233EAF /* RestaurantDetailViewController.swift in Sources */ = {isa = PBXBuildFile; fileRef = D1E7C3AE1CDF1D0600233EAF /* RestaurantDetailViewController.swift */; };
		D1E7C3B11CDF612100233EAF /* Restaurant.swift in Sources */ = {isa = PBXBuildFile; fileRef = D1E7C3B01CDF612100233EAF /* Restaurant.swift */; };
		D1E7C3B31CDF6DC600233EAF /* RestaurantDetailTableViewCell.swift in Sources */ = {isa = PBXBuildFile; fileRef = D1E7C3B21CDF6DC600233EAF /* RestaurantDetailTableViewCell.swift */; };
/* End PBXBuildFile section */

/* Begin PBXFileReference section */
		D11FE91F1CD1F2BF00828FBD /* FoodPin.app */ = {isa = PBXFileReference; explicitFileType = wrapper.application; includeInIndex = 0; path = FoodPin.app; sourceTree = BUILT_PRODUCTS_DIR; };
		D11FE9221CD1F2BF00828FBD /* AppDelegate.swift */ = {isa = PBXFileReference; lastKnownFileType = sourcecode.swift; path = AppDelegate.swift; sourceTree = "<group>"; };
		D11FE9271CD1F2BF00828FBD /* Base */ = {isa = PBXFileReference; lastKnownFileType = file.storyboard; name = Base; path = Base.lproj/Main.storyboard; sourceTree = "<group>"; };
		D11FE9291CD1F2BF00828FBD /* Assets.xcassets */ = {isa = PBXFileReference; lastKnownFileType = folder.assetcatalog; path = Assets.xcassets; sourceTree = "<group>"; };
		D11FE92C1CD1F2BF00828FBD /* Base */ = {isa = PBXFileReference; lastKnownFileType = file.storyboard; name = Base; path = Base.lproj/LaunchScreen.storyboard; sourceTree = "<group>"; };
		D11FE92E1CD1F2BF00828FBD /* Info.plist */ = {isa = PBXFileReference; lastKnownFileType = text.plist.xml; path = Info.plist; sourceTree = "<group>"; };
		D11FE9341CD1F3A700828FBD /* RestaurantTableViewController.swift */ = {isa = PBXFileReference; fileEncoding = 4; lastKnownFileType = sourcecode.swift; path = RestaurantTableViewController.swift; sourceTree = "<group>"; };
		D11FE9361CD2020600828FBD /* RestaurantTableViewCell.swift */ = {isa = PBXFileReference; fileEncoding = 4; lastKnownFileType = sourcecode.swift; path = RestaurantTableViewCell.swift; sourceTree = "<group>"; };
		D1BDA9F41CEEDFB200585530 /* MapKit.framework */ = {isa = PBXFileReference; lastKnownFileType = wrapper.framework; name = MapKit.framework; path = System/Library/Frameworks/MapKit.framework; sourceTree = SDKROOT; };
		D1BDA9F61CEEF25100585530 /* ReviewViewController.swift */ = {isa = PBXFileReference; fileEncoding = 4; lastKnownFileType = sourcecode.swift; path = ReviewViewController.swift; sourceTree = "<group>"; };
		D1DC07AB1CD32C7100E2A2A6 /* PersonalCell.swift */ = {isa = PBXFileReference; fileEncoding = 4; lastKnownFileType = sourcecode.swift; path = PersonalCell.swift; sourceTree = "<group>"; };
		D1E7C3AE1CDF1D0600233EAF /* RestaurantDetailViewController.swift */ = {isa = PBXFileReference; fileEncoding = 4; lastKnownFileType = sourcecode.swift; path = RestaurantDetailViewController.swift; sourceTree = "<group>"; };
		D1E7C3B01CDF612100233EAF /* Restaurant.swift */ = {isa = PBXFileReference; fileEncoding = 4; lastKnownFileType = sourcecode.swift; path = Restaurant.swift; sourceTree = "<group>"; };
		D1E7C3B21CDF6DC600233EAF /* RestaurantDetailTableViewCell.swift */ = {isa = PBXFileReference; fileEncoding = 4; lastKnownFileType = sourcecode.swift; path = RestaurantDetailTableViewCell.swift; sourceTree = "<group>"; };
/* End PBXFileReference section */

/* Begin PBXFrameworksBuildPhase section */
		D11FE91C1CD1F2BF00828FBD /* Frameworks */ = {
			isa = PBXFrameworksBuildPhase;
			buildActionMask = 2147483647;
			files = (
				D1BDA9F51CEEDFB200585530 /* MapKit.framework in Frameworks */,
			);
			runOnlyForDeploymentPostprocessing = 0;
		};
/* End PBXFrameworksBuildPhase section */

/* Begin PBXGroup section */
		D11FE9161CD1F2BF00828FBD = {
			isa = PBXGroup;
			children = (
				D1BDA9F41CEEDFB200585530 /* MapKit.framework */,
				D11FE9211CD1F2BF00828FBD /* FoodPin */,
				D11FE9201CD1F2BF00828FBD /* Products */,
			);
			sourceTree = "<group>";
		};
		D11FE9201CD1F2BF00828FBD /* Products */ = {
			isa = PBXGroup;
			children = (
				D11FE91F1CD1F2BF00828FBD /* FoodPin.app */,
			);
			name = Products;
			sourceTree = "<group>";
		};
		D11FE9211CD1F2BF00828FBD /* FoodPin */ = {
			isa = PBXGroup;
			children = (
				D11FE9221CD1F2BF00828FBD /* AppDelegate.swift */,
				D11FE9261CD1F2BF00828FBD /* Main.storyboard */,
				D1E7C3B21CDF6DC600233EAF /* RestaurantDetailTableViewCell.swift */,
				D1E7C3B01CDF612100233EAF /* Restaurant.swift */,
				D11FE9361CD2020600828FBD /* RestaurantTableViewCell.swift */,
				D1DC07AB1CD32C7100E2A2A6 /* PersonalCell.swift */,
				D11FE9341CD1F3A700828FBD /* RestaurantTableViewController.swift */,
				D1E7C3AE1CDF1D0600233EAF /* RestaurantDetailViewController.swift */,
				D11FE9291CD1F2BF00828FBD /* Assets.xcassets */,
				D11FE92B1CD1F2BF00828FBD /* LaunchScreen.storyboard */,
				D11FE92E1CD1F2BF00828FBD /* Info.plist */,
				D1BDA9F61CEEF25100585530 /* ReviewViewController.swift */,
			);
			path = FoodPin;
			sourceTree = "<group>";
		};
/* End PBXGroup section */

/* Begin PBXNativeTarget section */
		D11FE91E1CD1F2BF00828FBD /* FoodPin */ = {
			isa = PBXNativeTarget;
			buildConfigurationList = D11FE9311CD1F2BF00828FBD /* Build configuration list for PBXNativeTarget "FoodPin" */;
			buildPhases = (
				D11FE91B1CD1F2BF00828FBD /* Sources */,
				D11FE91C1CD1F2BF00828FBD /* Frameworks */,
				D11FE91D1CD1F2BF00828FBD /* Resources */,
			);
			buildRules = (
			);
			dependencies = (
			);
			name = FoodPin;
			productName = FoodPin;
			productReference = D11FE91F1CD1F2BF00828FBD /* FoodPin.app */;
			productType = "com.apple.product-type.application";
		};
/* End PBXNativeTarget section */

/* Begin PBXProject section */
		D11FE9171CD1F2BF00828FBD /* Project object */ = {
			isa = PBXProject;
			attributes = {
				LastSwiftUpdateCheck = 0720;
				LastUpgradeCheck = 0720;
				ORGANIZATIONNAME = "com.daichao.*";
				TargetAttributes = {
					D11FE91E1CD1F2BF00828FBD = {
						CreatedOnToolsVersion = 7.2;
						SystemCapabilities = {
							com.apple.Maps.iOS = {
								enabled = 1;
							};
						};
					};
				};
			};
			buildConfigurationList = D11FE91A1CD1F2BF00828FBD /* Build configuration list for PBXProject "FoodPin" */;
			compatibilityVersion = "Xcode 3.2";
			developmentRegion = English;
			hasScannedForEncodings = 0;
			knownRegions = (
				en,
				Base,
			);
			mainGroup = D11FE9161CD1F2BF00828FBD;
			productRefGroup = D11FE9201CD1F2BF00828FBD /* Products */;
			projectDirPath = "";
			projectRoot = "";
			targets = (
				D11FE91E1CD1F2BF00828FBD /* FoodPin */,
			);
		};
/* End PBXProject section */

/* Begin PBXResourcesBuildPhase section */
		D11FE91D1CD1F2BF00828FBD /* Resources */ = {
			isa = PBXResourcesBuildPhase;
			buildActionMask = 2147483647;
			files = (
				D11FE92D1CD1F2BF00828FBD /* LaunchScreen.storyboard in Resources */,
				D11FE92A1CD1F2BF00828FBD /* Assets.xcassets in Resources */,
				D11FE9281CD1F2BF00828FBD /* Main.storyboard in Resources */,
			);
			runOnlyForDeploymentPostprocessing = 0;
		};
/* End PBXResourcesBuildPhase section */

/* Begin PBXSourcesBuildPhase section */
		D11FE91B1CD1F2BF00828FBD /* Sources */ = {
			isa = PBXSourcesBuildPhase;
			buildActionMask = 2147483647;
			files = (
				D11FE9351CD1F3A700828FBD /* RestaurantTableViewController.swift in Sources */,
				D1DC07AC1CD32C7100E2A2A6 /* PersonalCell.swift in Sources */,
				D1E7C3B11CDF612100233EAF /* Restaurant.swift in Sources */,
				D1E7C3AF1CDF1D0600233EAF /* RestaurantDetailViewController.swift in Sources */,
				D11FE9371CD2020600828FBD /* RestaurantTableViewCell.swift in Sources */,
				D11FE9231CD1F2BF00828FBD /* AppDelegate.swift in Sources */,
				D1BDA9F71CEEF25100585530 /* ReviewViewController.swift in Sources */,
				D1E7C3B31CDF6DC600233EAF /* RestaurantDetailTableViewCell.swift in Sources */,
			);
			runOnlyForDeploymentPostprocessing = 0;
		};
/* End PBXSourcesBuildPhase section */

/* Begin PBXVariantGroup section */
		D11FE9261CD1F2BF00828FBD /* Main.storyboard */ = {
			isa = PBXVariantGroup;
			children = (
				D11FE9271CD1F2BF00828FBD /* Base */,
			);
			name = Main.storyboard;
			sourceTree = "<group>";
		};
		D11FE92B1CD1F2BF00828FBD /* LaunchScreen.storyboard */ = {
			isa = PBXVariantGroup;
			children = (
				D11FE92C1CD1F2BF00828FBD /* Base */,
			);
			name = LaunchScreen.storyboard;
			sourceTree = "<group>";
		};
/* End PBXVariantGroup section */

/* Begin XCBuildConfiguration section */
		D11FE92F1CD1F2BF00828FBD /* Debug */ = {
			isa = XCBuildConfiguration;
			buildSettings = {
				ALWAYS_SEARCH_USER_PATHS = NO;
				CLANG_CXX_LANGUAGE_STANDARD = "gnu++0x";
				CLANG_CXX_LIBRARY = "libc++";
				CLANG_ENABLE_MODULES = YES;
				CLANG_ENABLE_OBJC_ARC = YES;
				CLANG_WARN_BOOL_CONVERSION = YES;
				CLANG_WARN_CONSTANT_CONVERSION = YES;
				CLANG_WARN_DIRECT_OBJC_ISA_USAGE = YES_ERROR;
				CLANG_WARN_EMPTY_BODY = YES;
				CLANG_WARN_ENUM_CONVERSION = YES;
				CLANG_WARN_INT_CONVERSION = YES;
				CLANG_WARN_OBJC_ROOT_CLASS = YES_ERROR;
				CLANG_WARN_UNREACHABLE_CODE = YES;
				CLANG_WARN__DUPLICATE_METHOD_MATCH = YES;
				"CODE_SIGN_IDENTITY[sdk=iphoneos*]" = "iPhone Developer";
				COPY_PHASE_STRIP = NO;
				DEBUG_INFORMATION_FORMAT = dwarf;
				ENABLE_STRICT_OBJC_MSGSEND = YES;
				ENABLE_TESTABILITY = YES;
				GCC_C_LANGUAGE_STANDARD = gnu99;
				GCC_DYNAMIC_NO_PIC = NO;
				GCC_NO_COMMON_BLOCKS = YES;
				GCC_OPTIMIZATION_LEVEL = 0;
				GCC_PREPROCESSOR_DEFINITIONS = (
					"DEBUG=1",
					"$(inherited)",
				);
				GCC_WARN_64_TO_32_BIT_CONVERSION = YES;
				GCC_WARN_ABOUT_RETURN_TYPE = YES_ERROR;
				GCC_WARN_UNDECLARED_SELECTOR = YES;
				GCC_WARN_UNINITIALIZED_AUTOS = YES_AGGRESSIVE;
				GCC_WARN_UNUSED_FUNCTION = YES;
				GCC_WARN_UNUSED_VARIABLE = YES;
				IPHONEOS_DEPLOYMENT_TARGET = 9.2;
				MTL_ENABLE_DEBUG_INFO = YES;
				ONLY_ACTIVE_ARCH = YES;
				SDKROOT = iphoneos;
				SWIFT_OPTIMIZATION_LEVEL = "-Onone";
			};
			name = Debug;
		};
		D11FE9301CD1F2BF00828FBD /* Release */ = {
			isa = XCBuildConfiguration;
			buildSettings = {
				ALWAYS_SEARCH_USER_PATHS = NO;
				CLANG_CXX_LANGUAGE_STANDARD = "gnu++0x";
				CLANG_CXX_LIBRARY = "libc++";
				CLANG_ENABLE_MODULES = YES;
				CLANG_ENABLE_OBJC_ARC = YES;
				CLANG_WARN_BOOL_CONVERSION = YES;
				CLANG_WARN_CONSTANT_CONVERSION = YES;
				CLANG_WARN_DIRECT_OBJC_ISA_USAGE = YES_ERROR;
				CLANG_WARN_EMPTY_BODY = YES;
				CLANG_WARN_ENUM_CONVERSION = YES;
				CLANG_WARN_INT_CONVERSION = YES;
				CLANG_WARN_OBJC_ROOT_CLASS = YES_ERROR;
				CLANG_WARN_UNREACHABLE_CODE = YES;
				CLANG_WARN__DUPLICATE_METHOD_MATCH = YES;
				"CODE_SIGN_IDENTITY[sdk=iphoneos*]" = "iPhone Developer";
				COPY_PHASE_STRIP = NO;
				DEBUG_INFORMATION_FORMAT = "dwarf-with-dsym";
				ENABLE_NS_ASSERTIONS = NO;
				ENABLE_STRICT_OBJC_MSGSEND = YES;
				GCC_C_LANGUAGE_STANDARD = gnu99;
				GCC_NO_COMMON_BLOCKS = YES;
				GCC_WARN_64_TO_32_BIT_CONVERSION = YES;
				GCC_WARN_ABOUT_RETURN_TYPE = YES_ERROR;
				GCC_WARN_UNDECLARED_SELECTOR = YES;
				GCC_WARN_UNINITIALIZED_AUTOS = YES_AGGRESSIVE;
				GCC_WARN_UNUSED_FUNCTION = YES;
				GCC_WARN_UNUSED_VARIABLE = YES;
				IPHONEOS_DEPLOYMENT_TARGET = 9.2;
				MTL_ENABLE_DEBUG_INFO = NO;
				SDKROOT = iphoneos;
				VALIDATE_PRODUCT = YES;
			};
			name = Release;
		};
		D11FE9321CD1F2BF00828FBD /* Debug */ = {
			isa = XCBuildConfiguration;
			buildSettings = {
				ASSETCATALOG_COMPILER_APPICON_NAME = AppIcon;
				INFOPLIST_FILE = FoodPin/Info.plist;
				LD_RUNPATH_SEARCH_PATHS = "$(inherited) @executable_path/Frameworks";
				PRODUCT_BUNDLE_IDENTIFIER = "com.daichao.-.FoodPin";
				PRODUCT_NAME = "$(TARGET_NAME)";
			};
			name = Debug;
		};
		D11FE9331CD1F2BF00828FBD /* Release */ = {
			isa = XCBuildConfiguration;
			buildSettings = {
				ASSETCATALOG_COMPILER_APPICON_NAME = AppIcon;
				INFOPLIST_FILE = FoodPin/Info.plist;
				LD_RUNPATH_SEARCH_PATHS = "$(inherited) @executable_path/Frameworks";
				PRODUCT_BUNDLE_IDENTIFIER = "com.daichao.-.FoodPin";
				PRODUCT_NAME = "$(TARGET_NAME)";
			};
			name = Release;
		};
/* End XCBuildConfiguration section */

/* Begin XCConfigurationList section */
		D11FE91A1CD1F2BF00828FBD /* Build configuration list for PBXProject "FoodPin" */ = {
			isa = XCConfigurationList;
			buildConfigurations = (
				D11FE92F1CD1F2BF00828FBD /* Debug */,
				D11FE9301CD1F2BF00828FBD /* Release */,
			);
			defaultConfigurationIsVisible = 0;
			defaultConfigurationName = Release;
		};
		D11FE9311CD1F2BF00828FBD /* Build configuration list for PBXNativeTarget "FoodPin" */ = {
			isa = XCConfigurationList;
			buildConfigurations = (
				D11FE9321CD1F2BF00828FBD /* Debug */,
				D11FE9331CD1F2BF00828FBD /* Release */,
			);
			defaultConfigurationIsVisible = 0;
			defaultConfigurationName = Release;
		};
/* End XCConfigurationList section */
	};
	rootObject = D11FE9171CD1F2BF00828FBD /* Project object */;
}
